// !$*UTF8*$!
{
	archiveVersion = 1;
	classes = {
	};
	objectVersion = 50;
	objects = {

/* Begin PBXBuildFile section */
		CA14C6D222F0633100016D6C /* RoundedButton.swift in Sources */ = {isa = PBXBuildFile; fileRef = CA14C6D122F0633100016D6C /* RoundedButton.swift */; };
		CA14C6D422F0662000016D6C /* QuestionModel.swift in Sources */ = {isa = PBXBuildFile; fileRef = CA14C6D322F0662000016D6C /* QuestionModel.swift */; };
		CA14C6D822F07A6100016D6C /* DataService.swift in Sources */ = {isa = PBXBuildFile; fileRef = CA14C6D722F07A6100016D6C /* DataService.swift */; };
		CABC368222EF8A29007A02FA /* AppDelegate.swift in Sources */ = {isa = PBXBuildFile; fileRef = CABC368122EF8A29007A02FA /* AppDelegate.swift */; };
		CABC368422EF8A29007A02FA /* ViewController.swift in Sources */ = {isa = PBXBuildFile; fileRef = CABC368322EF8A29007A02FA /* ViewController.swift */; };
		CABC368722EF8A29007A02FA /* Main.storyboard in Resources */ = {isa = PBXBuildFile; fileRef = CABC368522EF8A29007A02FA /* Main.storyboard */; };
		CABC368922EF8A29007A02FA /* Assets.xcassets in Resources */ = {isa = PBXBuildFile; fileRef = CABC368822EF8A29007A02FA /* Assets.xcassets */; };
		CABC368C22EF8A29007A02FA /* LaunchScreen.storyboard in Resources */ = {isa = PBXBuildFile; fileRef = CABC368A22EF8A29007A02FA /* LaunchScreen.storyboard */; };
/* End PBXBuildFile section */

/* Begin PBXFileReference section */
		CA14C6D122F0633100016D6C /* RoundedButton.swift */ = {isa = PBXFileReference; fileEncoding = 4; lastKnownFileType = sourcecode.swift; path = RoundedButton.swift; sourceTree = "<group>"; };
		CA14C6D322F0662000016D6C /* QuestionModel.swift */ = {isa = PBXFileReference; lastKnownFileType = sourcecode.swift; path = QuestionModel.swift; sourceTree = "<group>"; };
		CA14C6D722F07A6100016D6C /* DataService.swift */ = {isa = PBXFileReference; lastKnownFileType = sourcecode.swift; path = DataService.swift; sourceTree = "<group>"; };
		CABC367E22EF8A29007A02FA /* InterviewQuiz.app */ = {isa = PBXFileReference; explicitFileType = wrapper.application; includeInIndex = 0; path = InterviewQuiz.app; sourceTree = BUILT_PRODUCTS_DIR; };
		CABC368122EF8A29007A02FA /* AppDelegate.swift */ = {isa = PBXFileReference; lastKnownFileType = sourcecode.swift; path = AppDelegate.swift; sourceTree = "<group>"; };
		CABC368322EF8A29007A02FA /* ViewController.swift */ = {isa = PBXFileReference; lastKnownFileType = sourcecode.swift; path = ViewController.swift; sourceTree = "<group>"; };
		CABC368622EF8A29007A02FA /* Base */ = {isa = PBXFileReference; lastKnownFileType = file.storyboard; name = Base; path = Base.lproj/Main.storyboard; sourceTree = "<group>"; };
		CABC368822EF8A29007A02FA /* Assets.xcassets */ = {isa = PBXFileReference; lastKnownFileType = folder.assetcatalog; path = Assets.xcassets; sourceTree = "<group>"; };
		CABC368B22EF8A29007A02FA /* Base */ = {isa = PBXFileReference; lastKnownFileType = file.storyboard; name = Base; path = Base.lproj/LaunchScreen.storyboard; sourceTree = "<group>"; };
		CABC368D22EF8A29007A02FA /* Info.plist */ = {isa = PBXFileReference; lastKnownFileType = text.plist.xml; path = Info.plist; sourceTree = "<group>"; };
/* End PBXFileReference section */

/* Begin PBXFrameworksBuildPhase section */
		CABC367B22EF8A29007A02FA /* Frameworks */ = {
			isa = PBXFrameworksBuildPhase;
			buildActionMask = 2147483647;
			files = (
			);
			runOnlyForDeploymentPostprocessing = 0;
		};
/* End PBXFrameworksBuildPhase section */

/* Begin PBXGroup section */
		CABC367522EF8A29007A02FA = {
			isa = PBXGroup;
			children = (
				CABC368022EF8A29007A02FA /* InterviewQuiz */,
				CABC367F22EF8A29007A02FA /* Products */,
			);
			sourceTree = "<group>";
		};
		CABC367F22EF8A29007A02FA /* Products */ = {
			isa = PBXGroup;
			children = (
				CABC367E22EF8A29007A02FA /* InterviewQuiz.app */,
			);
			name = Products;
			sourceTree = "<group>";
		};
		CABC368022EF8A29007A02FA /* InterviewQuiz */ = {
			isa = PBXGroup;
			children = (
				CABE019222F840BD00353890 /* Suporting files */,
				CABE019122F840A700353890 /* View */,
				CABE019022F83EC000353890 /* Model */,
				CABC368122EF8A29007A02FA /* AppDelegate.swift */,
				CABC368522EF8A29007A02FA /* Main.storyboard */,
				CABC368322EF8A29007A02FA /* ViewController.swift */,
			);
			path = InterviewQuiz;
			sourceTree = "<group>";
		};
		CABE019022F83EC000353890 /* Model */ = {
			isa = PBXGroup;
			children = (
				CA14C6D322F0662000016D6C /* QuestionModel.swift */,
				CA14C6D722F07A6100016D6C /* DataService.swift */,
			);
			name = Model;
			sourceTree = "<group>";
		};
		CABE019122F840A700353890 /* View */ = {
			isa = PBXGroup;
			children = (
				CA14C6D122F0633100016D6C /* RoundedButton.swift */,
			);
			name = View;
			sourceTree = "<group>";
		};
		CABE019222F840BD00353890 /* Suporting files */ = {
			isa = PBXGroup;
			children = (
				CABC368822EF8A29007A02FA /* Assets.xcassets */,
				CABC368A22EF8A29007A02FA /* LaunchScreen.storyboard */,
				CABC368D22EF8A29007A02FA /* Info.plist */,
			);
			name = "Suporting files";
			sourceTree = "<group>";
		};
/* End PBXGroup section */

/* Begin PBXNativeTarget section */
		CABC367D22EF8A29007A02FA /* InterviewQuiz */ = {
			isa = PBXNativeTarget;
			buildConfigurationList = CABC369022EF8A29007A02FA /* Build configuration list for PBXNativeTarget "InterviewQuiz" */;
			buildPhases = (
				CABC367A22EF8A29007A02FA /* Sources */,
				CABC367B22EF8A29007A02FA /* Frameworks */,
				CABC367C22EF8A29007A02FA /* Resources */,
			);
			buildRules = (
			);
			dependencies = (
			);
			name = InterviewQuiz;
			productName = InterviewQuiz;
			productReference = CABC367E22EF8A29007A02FA /* InterviewQuiz.app */;
			productType = "com.apple.product-type.application";
		};
/* End PBXNativeTarget section */

/* Begin PBXProject section */
		CABC367622EF8A29007A02FA /* Project object */ = {
			isa = PBXProject;
			attributes = {
				LastSwiftUpdateCheck = 1030;
				LastUpgradeCheck = 1030;
				ORGANIZATIONNAME = "Nikita Koniukh";
				TargetAttributes = {
					CABC367D22EF8A29007A02FA = {
						CreatedOnToolsVersion = 10.3;
					};
				};
			};
			buildConfigurationList = CABC367922EF8A29007A02FA /* Build configuration list for PBXProject "InterviewQuiz" */;
			compatibilityVersion = "Xcode 9.3";
			developmentRegion = en;
			hasScannedForEncodings = 0;
			knownRegions = (
				en,
				Base,
			);
			mainGroup = CABC367522EF8A29007A02FA;
			productRefGroup = CABC367F22EF8A29007A02FA /* Products */;
			projectDirPath = "";
			projectRoot = "";
			targets = (
				CABC367D22EF8A29007A02FA /* InterviewQuiz */,
			);
		};
/* End PBXProject section */

/* Begin PBXResourcesBuildPhase section */
		CABC367C22EF8A29007A02FA /* Resources */ = {
			isa = PBXResourcesBuildPhase;
			buildActionMask = 2147483647;
			files = (
				CABC368C22EF8A29007A02FA /* LaunchScreen.storyboard in Resources */,
				CABC368922EF8A29007A02FA /* Assets.xcassets in Resources */,
				CABC368722EF8A29007A02FA /* Main.storyboard in Resources */,
			);
			runOnlyForDeploymentPostprocessing = 0;
		};
/* End PBXResourcesBuildPhase section */

/* Begin PBXSourcesBuildPhase section */
		CABC367A22EF8A29007A02FA /* Sources */ = {
			isa = PBXSourcesBuildPhase;
			buildActionMask = 2147483647;
			files = (
				CABC368422EF8A29007A02FA /* ViewController.swift in Sources */,
				CA14C6D222F0633100016D6C /* RoundedButton.swift in Sources */,
				CABC368222EF8A29007A02FA /* AppDelegate.swift in Sources */,
				CA14C6D422F0662000016D6C /* QuestionModel.swift in Sources */,
				CA14C6D822F07A6100016D6C /* DataService.swift in Sources */,
			);
			runOnlyForDeploymentPostprocessing = 0;
		};
/* End PBXSourcesBuildPhase section */

/* Begin PBXVariantGroup section */
		CABC368522EF8A29007A02FA /* Main.storyboard */ = {
			isa = PBXVariantGroup;
			children = (
				CABC368622EF8A29007A02FA /* Base */,
			);
			name = Main.storyboard;
			sourceTree = "<group>";
		};
		CABC368A22EF8A29007A02FA /* LaunchScreen.storyboard */ = {
			isa = PBXVariantGroup;
			children = (
				CABC368B22EF8A29007A02FA /* Base */,
			);
			name = LaunchScreen.storyboard;
			sourceTree = "<group>";
		};
/* End PBXVariantGroup section */

/* Begin XCBuildConfiguration section */
		CABC368E22EF8A29007A02FA /* Debug */ = {
			isa = XCBuildConfiguration;
			buildSettings = {
				ALWAYS_SEARCH_USER_PATHS = NO;
				CLANG_ANALYZER_NONNULL = YES;
				CLANG_ANALYZER_NUMBER_OBJECT_CONVERSION = YES_AGGRESSIVE;
				CLANG_CXX_LANGUAGE_STANDARD = "gnu++14";
				CLANG_CXX_LIBRARY = "libc++";
				CLANG_ENABLE_MODULES = YES;
				CLANG_ENABLE_OBJC_ARC = YES;
				CLANG_ENABLE_OBJC_WEAK = YES;
				CLANG_WARN_BLOCK_CAPTURE_AUTORELEASING = YES;
				CLANG_WARN_BOOL_CONVERSION = YES;
				CLANG_WARN_COMMA = YES;
				CLANG_WARN_CONSTANT_CONVERSION = YES;
				CLANG_WARN_DEPRECATED_OBJC_IMPLEMENTATIONS = YES;
				CLANG_WARN_DIRECT_OBJC_ISA_USAGE = YES_ERROR;
				CLANG_WARN_DOCUMENTATION_COMMENTS = YES;
				CLANG_WARN_EMPTY_BODY = YES;
				CLANG_WARN_ENUM_CONVERSION = YES;
				CLANG_WARN_INFINITE_RECURSION = YES;
				CLANG_WARN_INT_CONVERSION = YES;
				CLANG_WARN_NON_LITERAL_NULL_CONVERSION = YES;
				CLANG_WARN_OBJC_IMPLICIT_RETAIN_SELF = YES;
				CLANG_WARN_OBJC_LITERAL_CONVERSION = YES;
				CLANG_WARN_OBJC_ROOT_CLASS = YES_ERROR;
				CLANG_WARN_RANGE_LOOP_ANALYSIS = YES;
				CLANG_WARN_STRICT_PROTOTYPES = YES;
				CLANG_WARN_SUSPICIOUS_MOVE = YES;
				CLANG_WARN_UNGUARDED_AVAILABILITY = YES_AGGRESSIVE;
				CLANG_WARN_UNREACHABLE_CODE = YES;
				CLANG_WARN__DUPLICATE_METHOD_MATCH = YES;
				CODE_SIGN_IDENTITY = "iPhone Developer";
				COPY_PHASE_STRIP = NO;
				DEBUG_INFORMATION_FORMAT = dwarf;
				ENABLE_STRICT_OBJC_MSGSEND = YES;
				ENABLE_TESTABILITY = YES;
				GCC_C_LANGUAGE_STANDARD = gnu11;
				GCC_DYNAMIC_NO_PIC = NO;
				GCC_NO_COMMON_BLOCKS = YES;
				GCC_OPTIMIZATION_LEVEL = 0;
				GCC_PREPROCESSOR_DEFINITIONS = (
					"DEBUG=1",
					"$(inherited)",
				);
				GCC_WARN_64_TO_32_BIT_CONVERSION = YES;
				GCC_WARN_ABOUT_RETURN_TYPE = YES_ERROR;
				GCC_WARN_UNDECLARED_SELECTOR = YES;
				GCC_WARN_UNINITIALIZED_AUTOS = YES_AGGRESSIVE;
				GCC_WARN_UNUSED_FUNCTION = YES;
				GCC_WARN_UNUSED_VARIABLE = YES;
				IPHONEOS_DEPLOYMENT_TARGET = 12.4;
				MTL_ENABLE_DEBUG_INFO = INCLUDE_SOURCE;
				MTL_FAST_MATH = YES;
				ONLY_ACTIVE_ARCH = YES;
				SDKROOT = iphoneos;
				SWIFT_ACTIVE_COMPILATION_CONDITIONS = DEBUG;
				SWIFT_OPTIMIZATION_LEVEL = "-Onone";
			};
			name = Debug;
		};
		CABC368F22EF8A29007A02FA /* Release */ = {
			isa = XCBuildConfiguration;
			buildSettings = {
				ALWAYS_SEARCH_USER_PATHS = NO;
				CLANG_ANALYZER_NONNULL = YES;
				CLANG_ANALYZER_NUMBER_OBJECT_CONVERSION = YES_AGGRESSIVE;
				CLANG_CXX_LANGUAGE_STANDARD = "gnu++14";
				CLANG_CXX_LIBRARY = "libc++";
				CLANG_ENABLE_MODULES = YES;
				CLANG_ENABLE_OBJC_ARC = YES;
				CLANG_ENABLE_OBJC_WEAK = YES;
				CLANG_WARN_BLOCK_CAPTURE_AUTORELEASING = YES;
				CLANG_WARN_BOOL_CONVERSION = YES;
				CLANG_WARN_COMMA = YES;
				CLANG_WARN_CONSTANT_CONVERSION = YES;
				CLANG_WARN_DEPRECATED_OBJC_IMPLEMENTATIONS = YES;
				CLANG_WARN_DIRECT_OBJC_ISA_USAGE = YES_ERROR;
				CLANG_WARN_DOCUMENTATION_COMMENTS = YES;
				CLANG_WARN_EMPTY_BODY = YES;
				CLANG_WARN_ENUM_CONVERSION = YES;
				CLANG_WARN_INFINITE_RECURSION = YES;
				CLANG_WARN_INT_CONVERSION = YES;
				CLANG_WARN_NON_LITERAL_NULL_CONVERSION = YES;
				CLANG_WARN_OBJC_IMPLICIT_RETAIN_SELF = YES;
				CLANG_WARN_OBJC_LITERAL_CONVERSION = YES;
				CLANG_WARN_OBJC_ROOT_CLASS = YES_ERROR;
				CLANG_WARN_RANGE_LOOP_ANALYSIS = YES;
				CLANG_WARN_STRICT_PROTOTYPES = YES;
				CLANG_WARN_SUSPICIOUS_MOVE = YES;
				CLANG_WARN_UNGUARDED_AVAILABILITY = YES_AGGRESSIVE;
				CLANG_WARN_UNREACHABLE_CODE = YES;
				CLANG_WARN__DUPLICATE_METHOD_MATCH = YES;
				CODE_SIGN_IDENTITY = "iPhone Developer";
				COPY_PHASE_STRIP = NO;
				DEBUG_INFORMATION_FORMAT = "dwarf-with-dsym";
				ENABLE_NS_ASSERTIONS = NO;
				ENABLE_STRICT_OBJC_MSGSEND = YES;
				GCC_C_LANGUAGE_STANDARD = gnu11;
				GCC_NO_COMMON_BLOCKS = YES;
				GCC_WARN_64_TO_32_BIT_CONVERSION = YES;
				GCC_WARN_ABOUT_RETURN_TYPE = YES_ERROR;
				GCC_WARN_UNDECLARED_SELECTOR = YES;
				GCC_WARN_UNINITIALIZED_AUTOS = YES_AGGRESSIVE;
				GCC_WARN_UNUSED_FUNCTION = YES;
				GCC_WARN_UNUSED_VARIABLE = YES;
				IPHONEOS_DEPLOYMENT_TARGET = 12.4;
				MTL_ENABLE_DEBUG_INFO = NO;
				MTL_FAST_MATH = YES;
				SDKROOT = iphoneos;
				SWIFT_COMPILATION_MODE = wholemodule;
				SWIFT_OPTIMIZATION_LEVEL = "-O";
				VALIDATE_PRODUCT = YES;
			};
			name = Release;
		};
		CABC369122EF8A29007A02FA /* Debug */ = {
			isa = XCBuildConfiguration;
			buildSettings = {
				ASSETCATALOG_COMPILER_APPICON_NAME = AppIcon;
				CODE_SIGN_STYLE = Automatic;
				DEVELOPMENT_TEAM = N5KK6475ZS;
				INFOPLIST_FILE = InterviewQuiz/Info.plist;
				IPHONEOS_DEPLOYMENT_TARGET = 12.3;
				LD_RUNPATH_SEARCH_PATHS = (
					"$(inherited)",
					"@executable_path/Frameworks",
				);
				PRODUCT_BUNDLE_IDENTIFIER = com.NikitaKoniukh.InterviewQuiz;
				PRODUCT_NAME = "$(TARGET_NAME)";
				SWIFT_VERSION = 5.0;
				TARGETED_DEVICE_FAMILY = "1,2";
			};
			name = Debug;
		};
		CABC369222EF8A29007A02FA /* Release */ = {
			isa = XCBuildConfiguration;
			buildSettings = {
				ASSETCATALOG_COMPILER_APPICON_NAME = AppIcon;
				CODE_SIGN_STYLE = Automatic;
				DEVELOPMENT_TEAM = N5KK6475ZS;
				INFOPLIST_FILE = InterviewQuiz/Info.plist;
				IPHONEOS_DEPLOYMENT_TARGET = 12.3;
				LD_RUNPATH_SEARCH_PATHS = (
					"$(inherited)",
					"@executable_path/Frameworks",
				);
				PRODUCT_BUNDLE_IDENTIFIER = com.NikitaKoniukh.InterviewQuiz;
				PRODUCT_NAME = "$(TARGET_NAME)";
				SWIFT_VERSION = 5.0;
				TARGETED_DEVICE_FAMILY = "1,2";
			};
			name = Release;
		};
/* End XCBuildConfiguration section */

/* Begin XCConfigurationList section */
		CABC367922EF8A29007A02FA /* Build configuration list for PBXProject "InterviewQuiz" */ = {
			isa = XCConfigurationList;
			buildConfigurations = (
				CABC368E22EF8A29007A02FA /* Debug */,
				CABC368F22EF8A29007A02FA /* Release */,
			);
			defaultConfigurationIsVisible = 0;
			defaultConfigurationName = Release;
		};
		CABC369022EF8A29007A02FA /* Build configuration list for PBXNativeTarget "InterviewQuiz" */ = {
			isa = XCConfigurationList;
			buildConfigurations = (
				CABC369122EF8A29007A02FA /* Debug */,
				CABC369222EF8A29007A02FA /* Release */,
			);
			defaultConfigurationIsVisible = 0;
			defaultConfigurationName = Release;
		};
/* End XCConfigurationList section */
	};
	rootObject = CABC367622EF8A29007A02FA /* Project object */;
}
